
Microsoft Visual Studio Solution File, Format Version 12.00
# Visual Studio Version 17
VisualStudioVersion = 17.8.34330.188
MinimumVisualStudioVersion = 10.0.40219.1
Project("{FAE04EC0-301F-11D3-BF4B-00C04F79EFBC}") = "Week14", "Week14\Week14.csproj", "{F9A94E38-3157-4159-AC82-21F6D9B7F660}"
EndProject
Global
	GlobalSection(SolutionConfigurationPlatforms) = preSolution
		Debug|Any CPU = Debug|Any CPU
		Release|Any CPU = Release|Any CPU
	EndGlobalSection
	GlobalSection(ProjectConfigurationPlatforms) = postSolution
		{F9A94E38-3157-4159-AC82-21F6D9B7F660}.Debug|Any CPU.ActiveCfg = Debug|Any CPU
		{F9A94E38-3157-4159-AC82-21F6D9B7F660}.Debug|Any CPU.Build.0 = Debug|Any CPU
		{F9A94E38-3157-4159-AC82-21F6D9B7F660}.Release|Any CPU.ActiveCfg = Release|Any CPU
		{F9A94E38-3157-4159-AC82-21F6D9B7F660}.Release|Any CPU.Build.0 = Release|Any CPU
	EndGlobalSection
	GlobalSection(SolutionProperties) = preSolution
		HideSolutionNode = FALSE
	EndGlobalSection
	GlobalSection(ExtensibilityGlobals) = postSolution
		SolutionGuid = {6496FD96-8270-4BF7-BC92-29B6DC592995}
	EndGlobalSection
EndGlobal
